// !$*UTF8*$!
{
	archiveVersion = 1;
	classes = {
	};
	objectVersion = 56;
	objects = {

/* Begin PBXBuildFile section */
		B466F1FD2A7DFAE100D65D45 /* WeatherApp.swift in Sources */ = {isa = PBXBuildFile; fileRef = B466F1FC2A7DFAE100D65D45 /* WeatherApp.swift */; };
		B466F1FF2A7DFAE100D65D45 /* ContentView.swift in Sources */ = {isa = PBXBuildFile; fileRef = B466F1FE2A7DFAE100D65D45 /* ContentView.swift */; };
		B466F2012A7DFAE300D65D45 /* Assets.xcassets in Resources */ = {isa = PBXBuildFile; fileRef = B466F2002A7DFAE300D65D45 /* Assets.xcassets */; };
		B466F2052A7DFAE300D65D45 /* Preview Assets.xcassets in Resources */ = {isa = PBXBuildFile; fileRef = B466F2042A7DFAE300D65D45 /* Preview Assets.xcassets */; };
		B466F20D2A7E037D00D65D45 /* LocationManager.swift in Sources */ = {isa = PBXBuildFile; fileRef = B466F20C2A7E037D00D65D45 /* LocationManager.swift */; };
		B466F2112A7E088200D65D45 /* WelcomeView.swift in Sources */ = {isa = PBXBuildFile; fileRef = B466F2102A7E088200D65D45 /* WelcomeView.swift */; };
		B4938E412A7E69420084798F /* LoadingView.swift in Sources */ = {isa = PBXBuildFile; fileRef = B4938E402A7E69420084798F /* LoadingView.swift */; };
		B4938E432A7E71820084798F /* WeatherManager.swift in Sources */ = {isa = PBXBuildFile; fileRef = B4938E422A7E71820084798F /* WeatherManager.swift */; };
		B4938E452A7E84F20084798F /* ModelData.swift in Sources */ = {isa = PBXBuildFile; fileRef = B4938E442A7E84F20084798F /* ModelData.swift */; };
		B4938E472A7E86CC0084798F /* weatherData.json in Resources */ = {isa = PBXBuildFile; fileRef = B4938E462A7E86CC0084798F /* weatherData.json */; };
		B4938E492A7E8DFE0084798F /* Extentions.swift in Sources */ = {isa = PBXBuildFile; fileRef = B4938E482A7E8DFE0084798F /* Extentions.swift */; };
		B4938E4B2A7E8E8C0084798F /* WeatherView.swift in Sources */ = {isa = PBXBuildFile; fileRef = B4938E4A2A7E8E8C0084798F /* WeatherView.swift */; };
		B4938E4E2A7EB6E60084798F /* WeatherRow.swift in Sources */ = {isa = PBXBuildFile; fileRef = B4938E4D2A7EB6E60084798F /* WeatherRow.swift */; };
/* End PBXBuildFile section */

/* Begin PBXFileReference section */
		B466F1F92A7DFAE100D65D45 /* Weather.app */ = {isa = PBXFileReference; explicitFileType = wrapper.application; includeInIndex = 0; path = Weather.app; sourceTree = BUILT_PRODUCTS_DIR; };
		B466F1FC2A7DFAE100D65D45 /* WeatherApp.swift */ = {isa = PBXFileReference; lastKnownFileType = sourcecode.swift; path = WeatherApp.swift; sourceTree = "<group>"; };
		B466F1FE2A7DFAE100D65D45 /* ContentView.swift */ = {isa = PBXFileReference; lastKnownFileType = sourcecode.swift; path = ContentView.swift; sourceTree = "<group>"; };
		B466F2002A7DFAE300D65D45 /* Assets.xcassets */ = {isa = PBXFileReference; lastKnownFileType = folder.assetcatalog; path = Assets.xcassets; sourceTree = "<group>"; };
		B466F2022A7DFAE300D65D45 /* Weather.entitlements */ = {isa = PBXFileReference; lastKnownFileType = text.plist.entitlements; path = Weather.entitlements; sourceTree = "<group>"; };
		B466F2042A7DFAE300D65D45 /* Preview Assets.xcassets */ = {isa = PBXFileReference; lastKnownFileType = folder.assetcatalog; path = "Preview Assets.xcassets"; sourceTree = "<group>"; };
		B466F20C2A7E037D00D65D45 /* LocationManager.swift */ = {isa = PBXFileReference; lastKnownFileType = sourcecode.swift; path = LocationManager.swift; sourceTree = "<group>"; };
		B466F2102A7E088200D65D45 /* WelcomeView.swift */ = {isa = PBXFileReference; lastKnownFileType = sourcecode.swift; path = WelcomeView.swift; sourceTree = "<group>"; };
		B4938E402A7E69420084798F /* LoadingView.swift */ = {isa = PBXFileReference; lastKnownFileType = sourcecode.swift; path = LoadingView.swift; sourceTree = "<group>"; };
		B4938E422A7E71820084798F /* WeatherManager.swift */ = {isa = PBXFileReference; lastKnownFileType = sourcecode.swift; path = WeatherManager.swift; sourceTree = "<group>"; };
		B4938E442A7E84F20084798F /* ModelData.swift */ = {isa = PBXFileReference; lastKnownFileType = sourcecode.swift; path = ModelData.swift; sourceTree = "<group>"; };
		B4938E462A7E86CC0084798F /* weatherData.json */ = {isa = PBXFileReference; lastKnownFileType = text.json; path = weatherData.json; sourceTree = "<group>"; };
		B4938E482A7E8DFE0084798F /* Extentions.swift */ = {isa = PBXFileReference; lastKnownFileType = sourcecode.swift; path = Extentions.swift; sourceTree = "<group>"; };
		B4938E4A2A7E8E8C0084798F /* WeatherView.swift */ = {isa = PBXFileReference; lastKnownFileType = sourcecode.swift; path = WeatherView.swift; sourceTree = "<group>"; };
		B4938E4D2A7EB6E60084798F /* WeatherRow.swift */ = {isa = PBXFileReference; lastKnownFileType = sourcecode.swift; path = WeatherRow.swift; sourceTree = "<group>"; };
/* End PBXFileReference section */

/* Begin PBXFrameworksBuildPhase section */
		B466F1F62A7DFAE100D65D45 /* Frameworks */ = {
			isa = PBXFrameworksBuildPhase;
			buildActionMask = 2147483647;
			files = (
			);
			runOnlyForDeploymentPostprocessing = 0;
		};
/* End PBXFrameworksBuildPhase section */

/* Begin PBXGroup section */
		B466F1F02A7DFAE100D65D45 = {
			isa = PBXGroup;
			children = (
				B466F1FB2A7DFAE100D65D45 /* Weather */,
				B466F1FA2A7DFAE100D65D45 /* Products */,
			);
			sourceTree = "<group>";
		};
		B466F1FA2A7DFAE100D65D45 /* Products */ = {
			isa = PBXGroup;
			children = (
				B466F1F92A7DFAE100D65D45 /* Weather.app */,
			);
			name = Products;
			sourceTree = "<group>";
		};
		B466F1FB2A7DFAE100D65D45 /* Weather */ = {
			isa = PBXGroup;
			children = (
				B4938E4C2A7EB6BE0084798F /* Components */,
				B466F20B2A7E036E00D65D45 /* Manager */,
				B466F1FC2A7DFAE100D65D45 /* WeatherApp.swift */,
				B4938E482A7E8DFE0084798F /* Extentions.swift */,
				B466F20F2A7E083C00D65D45 /* View */,
				B466F2002A7DFAE300D65D45 /* Assets.xcassets */,
				B466F2022A7DFAE300D65D45 /* Weather.entitlements */,
				B466F2032A7DFAE300D65D45 /* Preview Content */,
			);
			path = Weather;
			sourceTree = "<group>";
		};
		B466F2032A7DFAE300D65D45 /* Preview Content */ = {
			isa = PBXGroup;
			children = (
				B466F2042A7DFAE300D65D45 /* Preview Assets.xcassets */,
				B4938E442A7E84F20084798F /* ModelData.swift */,
				B4938E462A7E86CC0084798F /* weatherData.json */,
			);
			path = "Preview Content";
			sourceTree = "<group>";
		};
		B466F20B2A7E036E00D65D45 /* Manager */ = {
			isa = PBXGroup;
			children = (
				B466F20C2A7E037D00D65D45 /* LocationManager.swift */,
				B4938E422A7E71820084798F /* WeatherManager.swift */,
			);
			path = Manager;
			sourceTree = "<group>";
		};
		B466F20F2A7E083C00D65D45 /* View */ = {
			isa = PBXGroup;
			children = (
				B466F1FE2A7DFAE100D65D45 /* ContentView.swift */,
				B466F2102A7E088200D65D45 /* WelcomeView.swift */,
				B4938E402A7E69420084798F /* LoadingView.swift */,
				B4938E4A2A7E8E8C0084798F /* WeatherView.swift */,
			);
			path = View;
			sourceTree = "<group>";
		};
		B4938E4C2A7EB6BE0084798F /* Components */ = {
			isa = PBXGroup;
			children = (
				B4938E4D2A7EB6E60084798F /* WeatherRow.swift */,
			);
			path = Components;
			sourceTree = "<group>";
		};
/* End PBXGroup section */

/* Begin PBXNativeTarget section */
		B466F1F82A7DFAE100D65D45 /* Weather */ = {
			isa = PBXNativeTarget;
			buildConfigurationList = B466F2082A7DFAE300D65D45 /* Build configuration list for PBXNativeTarget "Weather" */;
			buildPhases = (
				B466F1F52A7DFAE100D65D45 /* Sources */,
				B466F1F62A7DFAE100D65D45 /* Frameworks */,
				B466F1F72A7DFAE100D65D45 /* Resources */,
			);
			buildRules = (
			);
			dependencies = (
			);
			name = Weather;
			productName = Weather;
			productReference = B466F1F92A7DFAE100D65D45 /* Weather.app */;
			productType = "com.apple.product-type.application";
		};
/* End PBXNativeTarget section */

/* Begin PBXProject section */
		B466F1F12A7DFAE100D65D45 /* Project object */ = {
			isa = PBXProject;
			attributes = {
				BuildIndependentTargetsInParallel = 1;
				LastSwiftUpdateCheck = 1420;
				LastUpgradeCheck = 1420;
				TargetAttributes = {
					B466F1F82A7DFAE100D65D45 = {
						CreatedOnToolsVersion = 14.2;
					};
				};
			};
			buildConfigurationList = B466F1F42A7DFAE100D65D45 /* Build configuration list for PBXProject "Weather" */;
			compatibilityVersion = "Xcode 14.0";
			developmentRegion = en;
			hasScannedForEncodings = 0;
			knownRegions = (
				en,
				Base,
			);
			mainGroup = B466F1F02A7DFAE100D65D45;
			productRefGroup = B466F1FA2A7DFAE100D65D45 /* Products */;
			projectDirPath = "";
			projectRoot = "";
			targets = (
				B466F1F82A7DFAE100D65D45 /* Weather */,
			);
		};
/* End PBXProject section */

/* Begin PBXResourcesBuildPhase section */
		B466F1F72A7DFAE100D65D45 /* Resources */ = {
			isa = PBXResourcesBuildPhase;
			buildActionMask = 2147483647;
			files = (
				B466F2052A7DFAE300D65D45 /* Preview Assets.xcassets in Resources */,
				B4938E472A7E86CC0084798F /* weatherData.json in Resources */,
				B466F2012A7DFAE300D65D45 /* Assets.xcassets in Resources */,
			);
			runOnlyForDeploymentPostprocessing = 0;
		};
/* End PBXResourcesBuildPhase section */

/* Begin PBXSourcesBuildPhase section */
		B466F1F52A7DFAE100D65D45 /* Sources */ = {
			isa = PBXSourcesBuildPhase;
			buildActionMask = 2147483647;
			files = (
				B4938E432A7E71820084798F /* WeatherManager.swift in Sources */,
				B466F1FF2A7DFAE100D65D45 /* ContentView.swift in Sources */,
				B466F1FD2A7DFAE100D65D45 /* WeatherApp.swift in Sources */,
				B466F20D2A7E037D00D65D45 /* LocationManager.swift in Sources */,
				B4938E492A7E8DFE0084798F /* Extentions.swift in Sources */,
				B4938E412A7E69420084798F /* LoadingView.swift in Sources */,
				B4938E4E2A7EB6E60084798F /* WeatherRow.swift in Sources */,
				B4938E4B2A7E8E8C0084798F /* WeatherView.swift in Sources */,
				B466F2112A7E088200D65D45 /* WelcomeView.swift in Sources */,
				B4938E452A7E84F20084798F /* ModelData.swift in Sources */,
			);
			runOnlyForDeploymentPostprocessing = 0;
		};
/* End PBXSourcesBuildPhase section */

/* Begin XCBuildConfiguration section */
		B466F2062A7DFAE300D65D45 /* Debug */ = {
			isa = XCBuildConfiguration;
			buildSettings = {
				ALWAYS_SEARCH_USER_PATHS = NO;
				CLANG_ANALYZER_NONNULL = YES;
				CLANG_ANALYZER_NUMBER_OBJECT_CONVERSION = YES_AGGRESSIVE;
				CLANG_CXX_LANGUAGE_STANDARD = "gnu++20";
				CLANG_ENABLE_MODULES = YES;
				CLANG_ENABLE_OBJC_ARC = YES;
				CLANG_ENABLE_OBJC_WEAK = YES;
				CLANG_WARN_BLOCK_CAPTURE_AUTORELEASING = YES;
				CLANG_WARN_BOOL_CONVERSION = YES;
				CLANG_WARN_COMMA = YES;
				CLANG_WARN_CONSTANT_CONVERSION = YES;
				CLANG_WARN_DEPRECATED_OBJC_IMPLEMENTATIONS = YES;
				CLANG_WARN_DIRECT_OBJC_ISA_USAGE = YES_ERROR;
				CLANG_WARN_DOCUMENTATION_COMMENTS = YES;
				CLANG_WARN_EMPTY_BODY = YES;
				CLANG_WARN_ENUM_CONVERSION = YES;
				CLANG_WARN_INFINITE_RECURSION = YES;
				CLANG_WARN_INT_CONVERSION = YES;
				CLANG_WARN_NON_LITERAL_NULL_CONVERSION = YES;
				CLANG_WARN_OBJC_IMPLICIT_RETAIN_SELF = YES;
				CLANG_WARN_OBJC_LITERAL_CONVERSION = YES;
				CLANG_WARN_OBJC_ROOT_CLASS = YES_ERROR;
				CLANG_WARN_QUOTED_INCLUDE_IN_FRAMEWORK_HEADER = YES;
				CLANG_WARN_RANGE_LOOP_ANALYSIS = YES;
				CLANG_WARN_STRICT_PROTOTYPES = YES;
				CLANG_WARN_SUSPICIOUS_MOVE = YES;
				CLANG_WARN_UNGUARDED_AVAILABILITY = YES_AGGRESSIVE;
				CLANG_WARN_UNREACHABLE_CODE = YES;
				CLANG_WARN__DUPLICATE_METHOD_MATCH = YES;
				COPY_PHASE_STRIP = NO;
				DEBUG_INFORMATION_FORMAT = dwarf;
				ENABLE_STRICT_OBJC_MSGSEND = YES;
				ENABLE_TESTABILITY = YES;
				GCC_C_LANGUAGE_STANDARD = gnu11;
				GCC_DYNAMIC_NO_PIC = NO;
				GCC_NO_COMMON_BLOCKS = YES;
				GCC_OPTIMIZATION_LEVEL = 0;
				GCC_PREPROCESSOR_DEFINITIONS = (
					"DEBUG=1",
					"$(inherited)",
				);
				GCC_WARN_64_TO_32_BIT_CONVERSION = YES;
				GCC_WARN_ABOUT_RETURN_TYPE = YES_ERROR;
				GCC_WARN_UNDECLARED_SELECTOR = YES;
				GCC_WARN_UNINITIALIZED_AUTOS = YES_AGGRESSIVE;
				GCC_WARN_UNUSED_FUNCTION = YES;
				GCC_WARN_UNUSED_VARIABLE = YES;
				MTL_ENABLE_DEBUG_INFO = INCLUDE_SOURCE;
				MTL_FAST_MATH = YES;
				ONLY_ACTIVE_ARCH = YES;
				SWIFT_ACTIVE_COMPILATION_CONDITIONS = DEBUG;
				SWIFT_OPTIMIZATION_LEVEL = "-Onone";
			};
			name = Debug;
		};
		B466F2072A7DFAE300D65D45 /* Release */ = {
			isa = XCBuildConfiguration;
			buildSettings = {
				ALWAYS_SEARCH_USER_PATHS = NO;
				CLANG_ANALYZER_NONNULL = YES;
				CLANG_ANALYZER_NUMBER_OBJECT_CONVERSION = YES_AGGRESSIVE;
				CLANG_CXX_LANGUAGE_STANDARD = "gnu++20";
				CLANG_ENABLE_MODULES = YES;
				CLANG_ENABLE_OBJC_ARC = YES;
				CLANG_ENABLE_OBJC_WEAK = YES;
				CLANG_WARN_BLOCK_CAPTURE_AUTORELEASING = YES;
				CLANG_WARN_BOOL_CONVERSION = YES;
				CLANG_WARN_COMMA = YES;
				CLANG_WARN_CONSTANT_CONVERSION = YES;
				CLANG_WARN_DEPRECATED_OBJC_IMPLEMENTATIONS = YES;
				CLANG_WARN_DIRECT_OBJC_ISA_USAGE = YES_ERROR;
				CLANG_WARN_DOCUMENTATION_COMMENTS = YES;
				CLANG_WARN_EMPTY_BODY = YES;
				CLANG_WARN_ENUM_CONVERSION = YES;
				CLANG_WARN_INFINITE_RECURSION = YES;
				CLANG_WARN_INT_CONVERSION = YES;
				CLANG_WARN_NON_LITERAL_NULL_CONVERSION = YES;
				CLANG_WARN_OBJC_IMPLICIT_RETAIN_SELF = YES;
				CLANG_WARN_OBJC_LITERAL_CONVERSION = YES;
				CLANG_WARN_OBJC_ROOT_CLASS = YES_ERROR;
				CLANG_WARN_QUOTED_INCLUDE_IN_FRAMEWORK_HEADER = YES;
				CLANG_WARN_RANGE_LOOP_ANALYSIS = YES;
				CLANG_WARN_STRICT_PROTOTYPES = YES;
				CLANG_WARN_SUSPICIOUS_MOVE = YES;
				CLANG_WARN_UNGUARDED_AVAILABILITY = YES_AGGRESSIVE;
				CLANG_WARN_UNREACHABLE_CODE = YES;
				CLANG_WARN__DUPLICATE_METHOD_MATCH = YES;
				COPY_PHASE_STRIP = NO;
				DEBUG_INFORMATION_FORMAT = "dwarf-with-dsym";
				ENABLE_NS_ASSERTIONS = NO;
				ENABLE_STRICT_OBJC_MSGSEND = YES;
				GCC_C_LANGUAGE_STANDARD = gnu11;
				GCC_NO_COMMON_BLOCKS = YES;
				GCC_WARN_64_TO_32_BIT_CONVERSION = YES;
				GCC_WARN_ABOUT_RETURN_TYPE = YES_ERROR;
				GCC_WARN_UNDECLARED_SELECTOR = YES;
				GCC_WARN_UNINITIALIZED_AUTOS = YES_AGGRESSIVE;
				GCC_WARN_UNUSED_FUNCTION = YES;
				GCC_WARN_UNUSED_VARIABLE = YES;
				MTL_ENABLE_DEBUG_INFO = NO;
				MTL_FAST_MATH = YES;
				SWIFT_COMPILATION_MODE = wholemodule;
				SWIFT_OPTIMIZATION_LEVEL = "-O";
			};
			name = Release;
		};
		B466F2092A7DFAE300D65D45 /* Debug */ = {
			isa = XCBuildConfiguration;
			buildSettings = {
				ASSETCATALOG_COMPILER_APPICON_NAME = AppIcon;
				ASSETCATALOG_COMPILER_GLOBAL_ACCENT_COLOR_NAME = AccentColor;
				CODE_SIGN_ENTITLEMENTS = Weather/Weather.entitlements;
				CODE_SIGN_STYLE = Automatic;
				CURRENT_PROJECT_VERSION = 1;
				DEVELOPMENT_ASSET_PATHS = "\"Weather/Preview Content\"";
				DEVELOPMENT_TEAM = NG4KDRZ6LB;
				ENABLE_HARDENED_RUNTIME = YES;
				ENABLE_PREVIEWS = YES;
				GENERATE_INFOPLIST_FILE = YES;
				"INFOPLIST_KEY_UIApplicationSceneManifest_Generation[sdk=iphoneos*]" = YES;
				"INFOPLIST_KEY_UIApplicationSceneManifest_Generation[sdk=iphonesimulator*]" = YES;
				"INFOPLIST_KEY_UIApplicationSupportsIndirectInputEvents[sdk=iphoneos*]" = YES;
				"INFOPLIST_KEY_UIApplicationSupportsIndirectInputEvents[sdk=iphonesimulator*]" = YES;
				"INFOPLIST_KEY_UILaunchScreen_Generation[sdk=iphoneos*]" = YES;
				"INFOPLIST_KEY_UILaunchScreen_Generation[sdk=iphonesimulator*]" = YES;
				"INFOPLIST_KEY_UIStatusBarStyle[sdk=iphoneos*]" = UIStatusBarStyleDefault;
				"INFOPLIST_KEY_UIStatusBarStyle[sdk=iphonesimulator*]" = UIStatusBarStyleDefault;
				INFOPLIST_KEY_UISupportedInterfaceOrientations_iPad = "UIInterfaceOrientationPortrait UIInterfaceOrientationPortraitUpsideDown UIInterfaceOrientationLandscapeLeft UIInterfaceOrientationLandscapeRight";
				INFOPLIST_KEY_UISupportedInterfaceOrientations_iPhone = "UIInterfaceOrientationPortrait UIInterfaceOrientationLandscapeLeft UIInterfaceOrientationLandscapeRight";
				IPHONEOS_DEPLOYMENT_TARGET = 16.2;
				LD_RUNPATH_SEARCH_PATHS = "@executable_path/Frameworks";
				"LD_RUNPATH_SEARCH_PATHS[sdk=macosx*]" = "@executable_path/../Frameworks";
				MACOSX_DEPLOYMENT_TARGET = 13.1;
				MARKETING_VERSION = 1.0;
				PRODUCT_BUNDLE_IDENTIFIER = com.chitraarasu.Weather;
				PRODUCT_NAME = "$(TARGET_NAME)";
				SDKROOT = auto;
				SUPPORTED_PLATFORMS = "iphoneos iphonesimulator macosx";
				SWIFT_EMIT_LOC_STRINGS = YES;
				SWIFT_VERSION = 5.0;
				TARGETED_DEVICE_FAMILY = "1,2";
			};
			name = Debug;
		};
		B466F20A2A7DFAE300D65D45 /* Release */ = {
			isa = XCBuildConfiguration;
			buildSettings = {
				ASSETCATALOG_COMPILER_APPICON_NAME = AppIcon;
				ASSETCATALOG_COMPILER_GLOBAL_ACCENT_COLOR_NAME = AccentColor;
				CODE_SIGN_ENTITLEMENTS = Weather/Weather.entitlements;
				CODE_SIGN_STYLE = Automatic;
				CURRENT_PROJECT_VERSION = 1;
				DEVELOPMENT_ASSET_PATHS = "\"Weather/Preview Content\"";
				DEVELOPMENT_TEAM = NG4KDRZ6LB;
				ENABLE_HARDENED_RUNTIME = YES;
				ENABLE_PREVIEWS = YES;
				GENERATE_INFOPLIST_FILE = YES;
				"INFOPLIST_KEY_UIApplicationSceneManifest_Generation[sdk=iphoneos*]" = YES;
				"INFOPLIST_KEY_UIApplicationSceneManifest_Generation[sdk=iphonesimulator*]" = YES;
				"INFOPLIST_KEY_UIApplicationSupportsIndirectInputEvents[sdk=iphoneos*]" = YES;
				"INFOPLIST_KEY_UIApplicationSupportsIndirectInputEvents[sdk=iphonesimulator*]" = YES;
				"INFOPLIST_KEY_UILaunchScreen_Generation[sdk=iphoneos*]" = YES;
				"INFOPLIST_KEY_UILaunchScreen_Generation[sdk=iphonesimulator*]" = YES;
				"INFOPLIST_KEY_UIStatusBarStyle[sdk=iphoneos*]" = UIStatusBarStyleDefault;
				"INFOPLIST_KEY_UIStatusBarStyle[sdk=iphonesimulator*]" = UIStatusBarStyleDefault;
				INFOPLIST_KEY_UISupportedInterfaceOrientations_iPad = "UIInterfaceOrientationPortrait UIInterfaceOrientationPortraitUpsideDown UIInterfaceOrientationLandscapeLeft UIInterfaceOrientationLandscapeRight";
				INFOPLIST_KEY_UISupportedInterfaceOrientations_iPhone = "UIInterfaceOrientationPortrait UIInterfaceOrientationLandscapeLeft UIInterfaceOrientationLandscapeRight";
				IPHONEOS_DEPLOYMENT_TARGET = 16.2;
				LD_RUNPATH_SEARCH_PATHS = "@executable_path/Frameworks";
				"LD_RUNPATH_SEARCH_PATHS[sdk=macosx*]" = "@executable_path/../Frameworks";
				MACOSX_DEPLOYMENT_TARGET = 13.1;
				MARKETING_VERSION = 1.0;
				PRODUCT_BUNDLE_IDENTIFIER = com.chitraarasu.Weather;
				PRODUCT_NAME = "$(TARGET_NAME)";
				SDKROOT = auto;
				SUPPORTED_PLATFORMS = "iphoneos iphonesimulator macosx";
				SWIFT_EMIT_LOC_STRINGS = YES;
				SWIFT_VERSION = 5.0;
				TARGETED_DEVICE_FAMILY = "1,2";
			};
			name = Release;
		};
/* End XCBuildConfiguration section */

/* Begin XCConfigurationList section */
		B466F1F42A7DFAE100D65D45 /* Build configuration list for PBXProject "Weather" */ = {
			isa = XCConfigurationList;
			buildConfigurations = (
				B466F2062A7DFAE300D65D45 /* Debug */,
				B466F2072A7DFAE300D65D45 /* Release */,
			);
			defaultConfigurationIsVisible = 0;
			defaultConfigurationName = Release;
		};
		B466F2082A7DFAE300D65D45 /* Build configuration list for PBXNativeTarget "Weather" */ = {
			isa = XCConfigurationList;
			buildConfigurations = (
				B466F2092A7DFAE300D65D45 /* Debug */,
				B466F20A2A7DFAE300D65D45 /* Release */,
			);
			defaultConfigurationIsVisible = 0;
			defaultConfigurationName = Release;
		};
/* End XCConfigurationList section */
	};
	rootObject = B466F1F12A7DFAE100D65D45 /* Project object */;
}
